// !$*UTF8*$!
{
	archiveVersion = 1;
	classes = {
	};
	objectVersion = 50;
	objects = {

/* Begin PBXBuildFile section */
		C0BE472F262E710800151A88 /* AppDelegate.swift in Sources */ = {isa = PBXBuildFile; fileRef = C0BE472E262E710800151A88 /* AppDelegate.swift */; };
		C0BE4731262E710800151A88 /* SceneDelegate.swift in Sources */ = {isa = PBXBuildFile; fileRef = C0BE4730262E710800151A88 /* SceneDelegate.swift */; };
		C0BE4733262E710800151A88 /* ViewController.swift in Sources */ = {isa = PBXBuildFile; fileRef = C0BE4732262E710800151A88 /* ViewController.swift */; };
		C0BE4736262E710800151A88 /* Main.storyboard in Resources */ = {isa = PBXBuildFile; fileRef = C0BE4734262E710800151A88 /* Main.storyboard */; };
		C0BE4738262E710B00151A88 /* Assets.xcassets in Resources */ = {isa = PBXBuildFile; fileRef = C0BE4737262E710B00151A88 /* Assets.xcassets */; };
		C0BE473B262E710B00151A88 /* LaunchScreen.storyboard in Resources */ = {isa = PBXBuildFile; fileRef = C0BE4739262E710B00151A88 /* LaunchScreen.storyboard */; };
		C0BE4746262E710B00151A88 /* Task8Tests.swift in Sources */ = {isa = PBXBuildFile; fileRef = C0BE4745262E710B00151A88 /* Task8Tests.swift */; };
		C0BE4751262E710B00151A88 /* Task8UITests.swift in Sources */ = {isa = PBXBuildFile; fileRef = C0BE4750262E710B00151A88 /* Task8UITests.swift */; };
/* End PBXBuildFile section */

/* Begin PBXContainerItemProxy section */
		C0BE4742262E710B00151A88 /* PBXContainerItemProxy */ = {
			isa = PBXContainerItemProxy;
			containerPortal = C0BE4723262E710800151A88 /* Project object */;
			proxyType = 1;
			remoteGlobalIDString = C0BE472A262E710800151A88;
			remoteInfo = Task8;
		};
		C0BE474D262E710B00151A88 /* PBXContainerItemProxy */ = {
			isa = PBXContainerItemProxy;
			containerPortal = C0BE4723262E710800151A88 /* Project object */;
			proxyType = 1;
			remoteGlobalIDString = C0BE472A262E710800151A88;
			remoteInfo = Task8;
		};
/* End PBXContainerItemProxy section */

/* Begin PBXFileReference section */
		C0BE472B262E710800151A88 /* Task8.app */ = {isa = PBXFileReference; explicitFileType = wrapper.application; includeInIndex = 0; path = Task8.app; sourceTree = BUILT_PRODUCTS_DIR; };
		C0BE472E262E710800151A88 /* AppDelegate.swift */ = {isa = PBXFileReference; lastKnownFileType = sourcecode.swift; path = AppDelegate.swift; sourceTree = "<group>"; };
		C0BE4730262E710800151A88 /* SceneDelegate.swift */ = {isa = PBXFileReference; lastKnownFileType = sourcecode.swift; path = SceneDelegate.swift; sourceTree = "<group>"; };
		C0BE4732262E710800151A88 /* ViewController.swift */ = {isa = PBXFileReference; lastKnownFileType = sourcecode.swift; path = ViewController.swift; sourceTree = "<group>"; };
		C0BE4735262E710800151A88 /* Base */ = {isa = PBXFileReference; lastKnownFileType = file.storyboard; name = Base; path = Base.lproj/Main.storyboard; sourceTree = "<group>"; };
		C0BE4737262E710B00151A88 /* Assets.xcassets */ = {isa = PBXFileReference; lastKnownFileType = folder.assetcatalog; path = Assets.xcassets; sourceTree = "<group>"; };
		C0BE473A262E710B00151A88 /* Base */ = {isa = PBXFileReference; lastKnownFileType = file.storyboard; name = Base; path = Base.lproj/LaunchScreen.storyboard; sourceTree = "<group>"; };
		C0BE473C262E710B00151A88 /* Info.plist */ = {isa = PBXFileReference; lastKnownFileType = text.plist.xml; path = Info.plist; sourceTree = "<group>"; };
		C0BE4741262E710B00151A88 /* Task8Tests.xctest */ = {isa = PBXFileReference; explicitFileType = wrapper.cfbundle; includeInIndex = 0; path = Task8Tests.xctest; sourceTree = BUILT_PRODUCTS_DIR; };
		C0BE4745262E710B00151A88 /* Task8Tests.swift */ = {isa = PBXFileReference; lastKnownFileType = sourcecode.swift; path = Task8Tests.swift; sourceTree = "<group>"; };
		C0BE4747262E710B00151A88 /* Info.plist */ = {isa = PBXFileReference; lastKnownFileType = text.plist.xml; path = Info.plist; sourceTree = "<group>"; };
		C0BE474C262E710B00151A88 /* Task8UITests.xctest */ = {isa = PBXFileReference; explicitFileType = wrapper.cfbundle; includeInIndex = 0; path = Task8UITests.xctest; sourceTree = BUILT_PRODUCTS_DIR; };
		C0BE4750262E710B00151A88 /* Task8UITests.swift */ = {isa = PBXFileReference; lastKnownFileType = sourcecode.swift; path = Task8UITests.swift; sourceTree = "<group>"; };
		C0BE4752262E710B00151A88 /* Info.plist */ = {isa = PBXFileReference; lastKnownFileType = text.plist.xml; path = Info.plist; sourceTree = "<group>"; };
/* End PBXFileReference section */

/* Begin PBXFrameworksBuildPhase section */
		C0BE4728262E710800151A88 /* Frameworks */ = {
			isa = PBXFrameworksBuildPhase;
			buildActionMask = 2147483647;
			files = (
			);
			runOnlyForDeploymentPostprocessing = 0;
		};
		C0BE473E262E710B00151A88 /* Frameworks */ = {
			isa = PBXFrameworksBuildPhase;
			buildActionMask = 2147483647;
			files = (
			);
			runOnlyForDeploymentPostprocessing = 0;
		};
		C0BE4749262E710B00151A88 /* Frameworks */ = {
			isa = PBXFrameworksBuildPhase;
			buildActionMask = 2147483647;
			files = (
			);
			runOnlyForDeploymentPostprocessing = 0;
		};
/* End PBXFrameworksBuildPhase section */

/* Begin PBXGroup section */
		C0BE4722262E710800151A88 = {
			isa = PBXGroup;
			children = (
				C0BE472D262E710800151A88 /* Task8 */,
				C0BE4744262E710B00151A88 /* Task8Tests */,
				C0BE474F262E710B00151A88 /* Task8UITests */,
				C0BE472C262E710800151A88 /* Products */,
			);
			sourceTree = "<group>";
		};
		C0BE472C262E710800151A88 /* Products */ = {
			isa = PBXGroup;
			children = (
				C0BE472B262E710800151A88 /* Task8.app */,
				C0BE4741262E710B00151A88 /* Task8Tests.xctest */,
				C0BE474C262E710B00151A88 /* Task8UITests.xctest */,
			);
			name = Products;
			sourceTree = "<group>";
		};
		C0BE472D262E710800151A88 /* Task8 */ = {
			isa = PBXGroup;
			children = (
				C0BE472E262E710800151A88 /* AppDelegate.swift */,
				C0BE4730262E710800151A88 /* SceneDelegate.swift */,
				C0BE4732262E710800151A88 /* ViewController.swift */,
				C0BE4734262E710800151A88 /* Main.storyboard */,
				C0BE4737262E710B00151A88 /* Assets.xcassets */,
				C0BE4739262E710B00151A88 /* LaunchScreen.storyboard */,
				C0BE473C262E710B00151A88 /* Info.plist */,
			);
			path = Task8;
			sourceTree = "<group>";
		};
		C0BE4744262E710B00151A88 /* Task8Tests */ = {
			isa = PBXGroup;
			children = (
				C0BE4745262E710B00151A88 /* Task8Tests.swift */,
				C0BE4747262E710B00151A88 /* Info.plist */,
			);
			path = Task8Tests;
			sourceTree = "<group>";
		};
		C0BE474F262E710B00151A88 /* Task8UITests */ = {
			isa = PBXGroup;
			children = (
				C0BE4750262E710B00151A88 /* Task8UITests.swift */,
				C0BE4752262E710B00151A88 /* Info.plist */,
			);
			path = Task8UITests;
			sourceTree = "<group>";
		};
/* End PBXGroup section */

/* Begin PBXNativeTarget section */
		C0BE472A262E710800151A88 /* Task8 */ = {
			isa = PBXNativeTarget;
			buildConfigurationList = C0BE4755262E710B00151A88 /* Build configuration list for PBXNativeTarget "Task8" */;
			buildPhases = (
				C0BE4727262E710800151A88 /* Sources */,
				C0BE4728262E710800151A88 /* Frameworks */,
				C0BE4729262E710800151A88 /* Resources */,
			);
			buildRules = (
			);
			dependencies = (
			);
			name = Task8;
			productName = Task8;
			productReference = C0BE472B262E710800151A88 /* Task8.app */;
			productType = "com.apple.product-type.application";
		};
		C0BE4740262E710B00151A88 /* Task8Tests */ = {
			isa = PBXNativeTarget;
			buildConfigurationList = C0BE4758262E710B00151A88 /* Build configuration list for PBXNativeTarget "Task8Tests" */;
			buildPhases = (
				C0BE473D262E710B00151A88 /* Sources */,
				C0BE473E262E710B00151A88 /* Frameworks */,
				C0BE473F262E710B00151A88 /* Resources */,
			);
			buildRules = (
			);
			dependencies = (
				C0BE4743262E710B00151A88 /* PBXTargetDependency */,
			);
			name = Task8Tests;
			productName = Task8Tests;
			productReference = C0BE4741262E710B00151A88 /* Task8Tests.xctest */;
			productType = "com.apple.product-type.bundle.unit-test";
		};
		C0BE474B262E710B00151A88 /* Task8UITests */ = {
			isa = PBXNativeTarget;
			buildConfigurationList = C0BE475B262E710B00151A88 /* Build configuration list for PBXNativeTarget "Task8UITests" */;
			buildPhases = (
				C0BE4748262E710B00151A88 /* Sources */,
				C0BE4749262E710B00151A88 /* Frameworks */,
				C0BE474A262E710B00151A88 /* Resources */,
			);
			buildRules = (
			);
			dependencies = (
				C0BE474E262E710B00151A88 /* PBXTargetDependency */,
			);
			name = Task8UITests;
			productName = Task8UITests;
			productReference = C0BE474C262E710B00151A88 /* Task8UITests.xctest */;
			productType = "com.apple.product-type.bundle.ui-testing";
		};
/* End PBXNativeTarget section */

/* Begin PBXProject section */
		C0BE4723262E710800151A88 /* Project object */ = {
			isa = PBXProject;
			attributes = {
				LastSwiftUpdateCheck = 1240;
				LastUpgradeCheck = 1240;
				TargetAttributes = {
					C0BE472A262E710800151A88 = {
						CreatedOnToolsVersion = 12.4;
					};
					C0BE4740262E710B00151A88 = {
						CreatedOnToolsVersion = 12.4;
						TestTargetID = C0BE472A262E710800151A88;
					};
					C0BE474B262E710B00151A88 = {
						CreatedOnToolsVersion = 12.4;
						TestTargetID = C0BE472A262E710800151A88;
					};
				};
			};
			buildConfigurationList = C0BE4726262E710800151A88 /* Build configuration list for PBXProject "Task8" */;
			compatibilityVersion = "Xcode 9.3";
			developmentRegion = en;
			hasScannedForEncodings = 0;
			knownRegions = (
				en,
				Base,
			);
			mainGroup = C0BE4722262E710800151A88;
			productRefGroup = C0BE472C262E710800151A88 /* Products */;
			projectDirPath = "";
			projectRoot = "";
			targets = (
				C0BE472A262E710800151A88 /* Task8 */,
				C0BE4740262E710B00151A88 /* Task8Tests */,
				C0BE474B262E710B00151A88 /* Task8UITests */,
			);
		};
/* End PBXProject section */

/* Begin PBXResourcesBuildPhase section */
		C0BE4729262E710800151A88 /* Resources */ = {
			isa = PBXResourcesBuildPhase;
			buildActionMask = 2147483647;
			files = (
				C0BE473B262E710B00151A88 /* LaunchScreen.storyboard in Resources */,
				C0BE4738262E710B00151A88 /* Assets.xcassets in Resources */,
				C0BE4736262E710800151A88 /* Main.storyboard in Resources */,
			);
			runOnlyForDeploymentPostprocessing = 0;
		};
		C0BE473F262E710B00151A88 /* Resources */ = {
			isa = PBXResourcesBuildPhase;
			buildActionMask = 2147483647;
			files = (
			);
			runOnlyForDeploymentPostprocessing = 0;
		};
		C0BE474A262E710B00151A88 /* Resources */ = {
			isa = PBXResourcesBuildPhase;
			buildActionMask = 2147483647;
			files = (
			);
			runOnlyForDeploymentPostprocessing = 0;
		};
/* End PBXResourcesBuildPhase section */

/* Begin PBXSourcesBuildPhase section */
		C0BE4727262E710800151A88 /* Sources */ = {
			isa = PBXSourcesBuildPhase;
			buildActionMask = 2147483647;
			files = (
				C0BE4733262E710800151A88 /* ViewController.swift in Sources */,
				C0BE472F262E710800151A88 /* AppDelegate.swift in Sources */,
				C0BE4731262E710800151A88 /* SceneDelegate.swift in Sources */,
			);
			runOnlyForDeploymentPostprocessing = 0;
		};
		C0BE473D262E710B00151A88 /* Sources */ = {
			isa = PBXSourcesBuildPhase;
			buildActionMask = 2147483647;
			files = (
				C0BE4746262E710B00151A88 /* Task8Tests.swift in Sources */,
			);
			runOnlyForDeploymentPostprocessing = 0;
		};
		C0BE4748262E710B00151A88 /* Sources */ = {
			isa = PBXSourcesBuildPhase;
			buildActionMask = 2147483647;
			files = (
				C0BE4751262E710B00151A88 /* Task8UITests.swift in Sources */,
			);
			runOnlyForDeploymentPostprocessing = 0;
		};
/* End PBXSourcesBuildPhase section */

/* Begin PBXTargetDependency section */
		C0BE4743262E710B00151A88 /* PBXTargetDependency */ = {
			isa = PBXTargetDependency;
			target = C0BE472A262E710800151A88 /* Task8 */;
			targetProxy = C0BE4742262E710B00151A88 /* PBXContainerItemProxy */;
		};
		C0BE474E262E710B00151A88 /* PBXTargetDependency */ = {
			isa = PBXTargetDependency;
			target = C0BE472A262E710800151A88 /* Task8 */;
			targetProxy = C0BE474D262E710B00151A88 /* PBXContainerItemProxy */;
		};
/* End PBXTargetDependency section */

/* Begin PBXVariantGroup section */
		C0BE4734262E710800151A88 /* Main.storyboard */ = {
			isa = PBXVariantGroup;
			children = (
				C0BE4735262E710800151A88 /* Base */,
			);
			name = Main.storyboard;
			sourceTree = "<group>";
		};
		C0BE4739262E710B00151A88 /* LaunchScreen.storyboard */ = {
			isa = PBXVariantGroup;
			children = (
				C0BE473A262E710B00151A88 /* Base */,
			);
			name = LaunchScreen.storyboard;
			sourceTree = "<group>";
		};
/* End PBXVariantGroup section */

/* Begin XCBuildConfiguration section */
		C0BE4753262E710B00151A88 /* Debug */ = {
			isa = XCBuildConfiguration;
			buildSettings = {
				ALWAYS_SEARCH_USER_PATHS = NO;
				CLANG_ANALYZER_NONNULL = YES;
				CLANG_ANALYZER_NUMBER_OBJECT_CONVERSION = YES_AGGRESSIVE;
				CLANG_CXX_LANGUAGE_STANDARD = "gnu++14";
				CLANG_CXX_LIBRARY = "libc++";
				CLANG_ENABLE_MODULES = YES;
				CLANG_ENABLE_OBJC_ARC = YES;
				CLANG_ENABLE_OBJC_WEAK = YES;
				CLANG_WARN_BLOCK_CAPTURE_AUTORELEASING = YES;
				CLANG_WARN_BOOL_CONVERSION = YES;
				CLANG_WARN_COMMA = YES;
				CLANG_WARN_CONSTANT_CONVERSION = YES;
				CLANG_WARN_DEPRECATED_OBJC_IMPLEMENTATIONS = YES;
				CLANG_WARN_DIRECT_OBJC_ISA_USAGE = YES_ERROR;
				CLANG_WARN_DOCUMENTATION_COMMENTS = YES;
				CLANG_WARN_EMPTY_BODY = YES;
				CLANG_WARN_ENUM_CONVERSION = YES;
				CLANG_WARN_INFINITE_RECURSION = YES;
				CLANG_WARN_INT_CONVERSION = YES;
				CLANG_WARN_NON_LITERAL_NULL_CONVERSION = YES;
				CLANG_WARN_OBJC_IMPLICIT_RETAIN_SELF = YES;
				CLANG_WARN_OBJC_LITERAL_CONVERSION = YES;
				CLANG_WARN_OBJC_ROOT_CLASS = YES_ERROR;
				CLANG_WARN_QUOTED_INCLUDE_IN_FRAMEWORK_HEADER = YES;
				CLANG_WARN_RANGE_LOOP_ANALYSIS = YES;
				CLANG_WARN_STRICT_PROTOTYPES = YES;
				CLANG_WARN_SUSPICIOUS_MOVE = YES;
				CLANG_WARN_UNGUARDED_AVAILABILITY = YES_AGGRESSIVE;
				CLANG_WARN_UNREACHABLE_CODE = YES;
				CLANG_WARN__DUPLICATE_METHOD_MATCH = YES;
				COPY_PHASE_STRIP = NO;
				DEBUG_INFORMATION_FORMAT = dwarf;
				ENABLE_STRICT_OBJC_MSGSEND = YES;
				ENABLE_TESTABILITY = YES;
				GCC_C_LANGUAGE_STANDARD = gnu11;
				GCC_DYNAMIC_NO_PIC = NO;
				GCC_NO_COMMON_BLOCKS = YES;
				GCC_OPTIMIZATION_LEVEL = 0;
				GCC_PREPROCESSOR_DEFINITIONS = (
					"DEBUG=1",
					"$(inherited)",
				);
				GCC_WARN_64_TO_32_BIT_CONVERSION = YES;
				GCC_WARN_ABOUT_RETURN_TYPE = YES_ERROR;
				GCC_WARN_UNDECLARED_SELECTOR = YES;
				GCC_WARN_UNINITIALIZED_AUTOS = YES_AGGRESSIVE;
				GCC_WARN_UNUSED_FUNCTION = YES;
				GCC_WARN_UNUSED_VARIABLE = YES;
				IPHONEOS_DEPLOYMENT_TARGET = 14.4;
				MTL_ENABLE_DEBUG_INFO = INCLUDE_SOURCE;
				MTL_FAST_MATH = YES;
				ONLY_ACTIVE_ARCH = YES;
				SDKROOT = iphoneos;
				SWIFT_ACTIVE_COMPILATION_CONDITIONS = DEBUG;
				SWIFT_OPTIMIZATION_LEVEL = "-Onone";
			};
			name = Debug;
		};
		C0BE4754262E710B00151A88 /* Release */ = {
			isa = XCBuildConfiguration;
			buildSettings = {
				ALWAYS_SEARCH_USER_PATHS = NO;
				CLANG_ANALYZER_NONNULL = YES;
				CLANG_ANALYZER_NUMBER_OBJECT_CONVERSION = YES_AGGRESSIVE;
				CLANG_CXX_LANGUAGE_STANDARD = "gnu++14";
				CLANG_CXX_LIBRARY = "libc++";
				CLANG_ENABLE_MODULES = YES;
				CLANG_ENABLE_OBJC_ARC = YES;
				CLANG_ENABLE_OBJC_WEAK = YES;
				CLANG_WARN_BLOCK_CAPTURE_AUTORELEASING = YES;
				CLANG_WARN_BOOL_CONVERSION = YES;
				CLANG_WARN_COMMA = YES;
				CLANG_WARN_CONSTANT_CONVERSION = YES;
				CLANG_WARN_DEPRECATED_OBJC_IMPLEMENTATIONS = YES;
				CLANG_WARN_DIRECT_OBJC_ISA_USAGE = YES_ERROR;
				CLANG_WARN_DOCUMENTATION_COMMENTS = YES;
				CLANG_WARN_EMPTY_BODY = YES;
				CLANG_WARN_ENUM_CONVERSION = YES;
				CLANG_WARN_INFINITE_RECURSION = YES;
				CLANG_WARN_INT_CONVERSION = YES;
				CLANG_WARN_NON_LITERAL_NULL_CONVERSION = YES;
				CLANG_WARN_OBJC_IMPLICIT_RETAIN_SELF = YES;
				CLANG_WARN_OBJC_LITERAL_CONVERSION = YES;
				CLANG_WARN_OBJC_ROOT_CLASS = YES_ERROR;
				CLANG_WARN_QUOTED_INCLUDE_IN_FRAMEWORK_HEADER = YES;
				CLANG_WARN_RANGE_LOOP_ANALYSIS = YES;
				CLANG_WARN_STRICT_PROTOTYPES = YES;
				CLANG_WARN_SUSPICIOUS_MOVE = YES;
				CLANG_WARN_UNGUARDED_AVAILABILITY = YES_AGGRESSIVE;
				CLANG_WARN_UNREACHABLE_CODE = YES;
				CLANG_WARN__DUPLICATE_METHOD_MATCH = YES;
				COPY_PHASE_STRIP = NO;
				DEBUG_INFORMATION_FORMAT = "dwarf-with-dsym";
				ENABLE_NS_ASSERTIONS = NO;
				ENABLE_STRICT_OBJC_MSGSEND = YES;
				GCC_C_LANGUAGE_STANDARD = gnu11;
				GCC_NO_COMMON_BLOCKS = YES;
				GCC_WARN_64_TO_32_BIT_CONVERSION = YES;
				GCC_WARN_ABOUT_RETURN_TYPE = YES_ERROR;
				GCC_WARN_UNDECLARED_SELECTOR = YES;
				GCC_WARN_UNINITIALIZED_AUTOS = YES_AGGRESSIVE;
				GCC_WARN_UNUSED_FUNCTION = YES;
				GCC_WARN_UNUSED_VARIABLE = YES;
				IPHONEOS_DEPLOYMENT_TARGET = 14.4;
				MTL_ENABLE_DEBUG_INFO = NO;
				MTL_FAST_MATH = YES;
				SDKROOT = iphoneos;
				SWIFT_COMPILATION_MODE = wholemodule;
				SWIFT_OPTIMIZATION_LEVEL = "-O";
				VALIDATE_PRODUCT = YES;
			};
			name = Release;
		};
		C0BE4756262E710B00151A88 /* Debug */ = {
			isa = XCBuildConfiguration;
			buildSettings = {
				ASSETCATALOG_COMPILER_APPICON_NAME = AppIcon;
				ASSETCATALOG_COMPILER_GLOBAL_ACCENT_COLOR_NAME = AccentColor;
				CODE_SIGN_STYLE = Automatic;
				DEVELOPMENT_TEAM = 7FJPXLFFTZ;
				INFOPLIST_FILE = Task8/Info.plist;
				LD_RUNPATH_SEARCH_PATHS = (
					"$(inherited)",
					"@executable_path/Frameworks",
				);
				PRODUCT_BUNDLE_IDENTIFIER = com.DaigoNomura.Task8;
				PRODUCT_NAME = "$(TARGET_NAME)";
				SWIFT_VERSION = 5.0;
				TARGETED_DEVICE_FAMILY = "1,2";
			};
			name = Debug;
		};
		C0BE4757262E710B00151A88 /* Release */ = {
			isa = XCBuildConfiguration;
			buildSettings = {
				ASSETCATALOG_COMPILER_APPICON_NAME = AppIcon;
				ASSETCATALOG_COMPILER_GLOBAL_ACCENT_COLOR_NAME = AccentColor;
				CODE_SIGN_STYLE = Automatic;
				DEVELOPMENT_TEAM = 7FJPXLFFTZ;
				INFOPLIST_FILE = Task8/Info.plist;
				LD_RUNPATH_SEARCH_PATHS = (
					"$(inherited)",
					"@executable_path/Frameworks",
				);
				PRODUCT_BUNDLE_IDENTIFIER = com.DaigoNomura.Task8;
				PRODUCT_NAME = "$(TARGET_NAME)";
				SWIFT_VERSION = 5.0;
				TARGETED_DEVICE_FAMILY = "1,2";
			};
			name = Release;
		};
		C0BE4759262E710B00151A88 /* Debug */ = {
			isa = XCBuildConfiguration;
			buildSettings = {
				ALWAYS_EMBED_SWIFT_STANDARD_LIBRARIES = YES;
				BUNDLE_LOADER = "$(TEST_HOST)";
				CODE_SIGN_STYLE = Automatic;
				DEVELOPMENT_TEAM = 7FJPXLFFTZ;
				INFOPLIST_FILE = Task8Tests/Info.plist;
				IPHONEOS_DEPLOYMENT_TARGET = 14.4;
				LD_RUNPATH_SEARCH_PATHS = (
					"$(inherited)",
					"@executable_path/Frameworks",
					"@loader_path/Frameworks",
				);
				PRODUCT_BUNDLE_IDENTIFIER = com.DaigoNomura.Task8Tests;
				PRODUCT_NAME = "$(TARGET_NAME)";
				SWIFT_VERSION = 5.0;
				TARGETED_DEVICE_FAMILY = "1,2";
				TEST_HOST = "$(BUILT_PRODUCTS_DIR)/Task8.app/Task8";
			};
			name = Debug;
		};
		C0BE475A262E710B00151A88 /* Release */ = {
			isa = XCBuildConfiguration;
			buildSettings = {
				ALWAYS_EMBED_SWIFT_STANDARD_LIBRARIES = YES;
				BUNDLE_LOADER = "$(TEST_HOST)";
				CODE_SIGN_STYLE = Automatic;
				DEVELOPMENT_TEAM = 7FJPXLFFTZ;
				INFOPLIST_FILE = Task8Tests/Info.plist;
				IPHONEOS_DEPLOYMENT_TARGET = 14.4;
				LD_RUNPATH_SEARCH_PATHS = (
					"$(inherited)",
					"@executable_path/Frameworks",
					"@loader_path/Frameworks",
				);
				PRODUCT_BUNDLE_IDENTIFIER = com.DaigoNomura.Task8Tests;
				PRODUCT_NAME = "$(TARGET_NAME)";
				SWIFT_VERSION = 5.0;
				TARGETED_DEVICE_FAMILY = "1,2";
				TEST_HOST = "$(BUILT_PRODUCTS_DIR)/Task8.app/Task8";
			};
			name = Release;
		};
		C0BE475C262E710B00151A88 /* Debug */ = {
			isa = XCBuildConfiguration;
			buildSettings = {
				ALWAYS_EMBED_SWIFT_STANDARD_LIBRARIES = YES;
				CODE_SIGN_STYLE = Automatic;
				DEVELOPMENT_TEAM = 7FJPXLFFTZ;
				INFOPLIST_FILE = Task8UITests/Info.plist;
				LD_RUNPATH_SEARCH_PATHS = (
					"$(inherited)",
					"@executable_path/Frameworks",
					"@loader_path/Frameworks",
				);
				PRODUCT_BUNDLE_IDENTIFIER = com.DaigoNomura.Task8UITests;
				PRODUCT_NAME = "$(TARGET_NAME)";
				SWIFT_VERSION = 5.0;
				TARGETED_DEVICE_FAMILY = "1,2";
				TEST_TARGET_NAME = Task8;
			};
			name = Debug;
		};
		C0BE475D262E710B00151A88 /* Release */ = {
			isa = XCBuildConfiguration;
			buildSettings = {
				ALWAYS_EMBED_SWIFT_STANDARD_LIBRARIES = YES;
				CODE_SIGN_STYLE = Automatic;
				DEVELOPMENT_TEAM = 7FJPXLFFTZ;
				INFOPLIST_FILE = Task8UITests/Info.plist;
				LD_RUNPATH_SEARCH_PATHS = (
					"$(inherited)",
					"@executable_path/Frameworks",
					"@loader_path/Frameworks",
				);
				PRODUCT_BUNDLE_IDENTIFIER = com.DaigoNomura.Task8UITests;
				PRODUCT_NAME = "$(TARGET_NAME)";
				SWIFT_VERSION = 5.0;
				TARGETED_DEVICE_FAMILY = "1,2";
				TEST_TARGET_NAME = Task8;
			};
			name = Release;
		};
/* End XCBuildConfiguration section */

/* Begin XCConfigurationList section */
		C0BE4726262E710800151A88 /* Build configuration list for PBXProject "Task8" */ = {
			isa = XCConfigurationList;
			buildConfigurations = (
				C0BE4753262E710B00151A88 /* Debug */,
				C0BE4754262E710B00151A88 /* Release */,
			);
			defaultConfigurationIsVisible = 0;
			defaultConfigurationName = Release;
		};
		C0BE4755262E710B00151A88 /* Build configuration list for PBXNativeTarget "Task8" */ = {
			isa = XCConfigurationList;
			buildConfigurations = (
				C0BE4756262E710B00151A88 /* Debug */,
				C0BE4757262E710B00151A88 /* Release */,
			);
			defaultConfigurationIsVisible = 0;
			defaultConfigurationName = Release;
		};
		C0BE4758262E710B00151A88 /* Build configuration list for PBXNativeTarget "Task8Tests" */ = {
			isa = XCConfigurationList;
			buildConfigurations = (
				C0BE4759262E710B00151A88 /* Debug */,
				C0BE475A262E710B00151A88 /* Release */,
			);
			defaultConfigurationIsVisible = 0;
			defaultConfigurationName = Release;
		};
		C0BE475B262E710B00151A88 /* Build configuration list for PBXNativeTarget "Task8UITests" */ = {
			isa = XCConfigurationList;
			buildConfigurations = (
				C0BE475C262E710B00151A88 /* Debug */,
				C0BE475D262E710B00151A88 /* Release */,
			);
			defaultConfigurationIsVisible = 0;
			defaultConfigurationName = Release;
		};
/* End XCConfigurationList section */
	};
	rootObject = C0BE4723262E710800151A88 /* Project object */;
}
